
Microsoft Visual Studio Solution File, Format Version 12.00
# Visual Studio Version 17
VisualStudioVersion = 17.0.31912.275
MinimumVisualStudioVersion = 10.0.40219.1
Project("{9A19103F-16F7-4668-BE54-9A1E7A4F7556}") = "SqlCleanup", "SqlCleanup\SqlCleanup.csproj", "{5FC434D8-9E1A-4850-9A6E-AEB8984CCDD0}"
EndProject
Global
	GlobalSection(SolutionConfigurationPlatforms) = preSolution
		Debug|Any CPU = Debug|Any CPU
		Release|Any CPU = Release|Any CPU
	EndGlobalSection
	GlobalSection(ProjectConfigurationPlatforms) = postSolution
		{5FC434D8-9E1A-4850-9A6E-AEB8984CCDD0}.Debug|Any CPU.ActiveCfg = Debug|Any CPU
		{5FC434D8-9E1A-4850-9A6E-AEB8984CCDD0}.Debug|Any CPU.Build.0 = Debug|Any CPU
		{5FC434D8-9E1A-4850-9A6E-AEB8984CCDD0}.Release|Any CPU.ActiveCfg = Release|Any CPU
		{5FC434D8-9E1A-4850-9A6E-AEB8984CCDD0}.Release|Any CPU.Build.0 = Release|Any CPU
	EndGlobalSection
	GlobalSection(SolutionProperties) = preSolution
		HideSolutionNode = FALSE
	EndGlobalSection
	GlobalSection(ExtensibilityGlobals) = postSolution
		SolutionGuid = {B7C5871B-CDC3-4C89-9F03-9D12605D127E}
	EndGlobalSection
EndGlobal
