
Microsoft Visual Studio Solution File, Format Version 12.00
# Visual Studio Version 17
VisualStudioVersion = 17.0.31912.275
MinimumVisualStudioVersion = 10.0.40219.1
Project("{FAE04EC0-301F-11D3-BF4B-00C04F79EFBC}") = "DiscriminatedUnionDemo", "DiscriminatedUnionDemo\DiscriminatedUnionDemo.csproj", "{BA08B109-9B7D-4698-96FF-C92C000B39C1}"
EndProject
Project("{FAE04EC0-301F-11D3-BF4B-00C04F79EFBC}") = "DiscriminatedUnionTests", "DiscriminatedUnionTests\DiscriminatedUnionTests.csproj", "{2A496662-527E-4775-A245-274E2121E028}"
EndProject
Global
	GlobalSection(SolutionConfigurationPlatforms) = preSolution
		Debug|Any CPU = Debug|Any CPU
		Release|Any CPU = Release|Any CPU
	EndGlobalSection
	GlobalSection(ProjectConfigurationPlatforms) = postSolution
		{BA08B109-9B7D-4698-96FF-C92C000B39C1}.Debug|Any CPU.ActiveCfg = Debug|Any CPU
		{BA08B109-9B7D-4698-96FF-C92C000B39C1}.Debug|Any CPU.Build.0 = Debug|Any CPU
		{BA08B109-9B7D-4698-96FF-C92C000B39C1}.Release|Any CPU.ActiveCfg = Release|Any CPU
		{BA08B109-9B7D-4698-96FF-C92C000B39C1}.Release|Any CPU.Build.0 = Release|Any CPU
		{2A496662-527E-4775-A245-274E2121E028}.Debug|Any CPU.ActiveCfg = Debug|Any CPU
		{2A496662-527E-4775-A245-274E2121E028}.Debug|Any CPU.Build.0 = Debug|Any CPU
		{2A496662-527E-4775-A245-274E2121E028}.Release|Any CPU.ActiveCfg = Release|Any CPU
		{2A496662-527E-4775-A245-274E2121E028}.Release|Any CPU.Build.0 = Release|Any CPU
	EndGlobalSection
	GlobalSection(SolutionProperties) = preSolution
		HideSolutionNode = FALSE
	EndGlobalSection
	GlobalSection(ExtensibilityGlobals) = postSolution
		SolutionGuid = {D0F200C6-1C29-44CF-A7EF-DA848989C8D6}
	EndGlobalSection
EndGlobal
